// !$*UTF8*$!
{
	archiveVersion = 1;
	classes = {
	};
	objectVersion = 46;
	objects = {

/* Begin PBXBuildFile section */
		C007744D1CE3343C002A2754 /* main.m in Sources */ = {isa = PBXBuildFile; fileRef = C007744C1CE3343C002A2754 /* main.m */; };
		C00774501CE3343C002A2754 /* AppDelegate.m in Sources */ = {isa = PBXBuildFile; fileRef = C007744F1CE3343C002A2754 /* AppDelegate.m */; };
		C00774531CE3343C002A2754 /* RootViewController.m in Sources */ = {isa = PBXBuildFile; fileRef = C00774521CE3343C002A2754 /* RootViewController.m */; };
		C00774561CE3343C002A2754 /* DataViewController.m in Sources */ = {isa = PBXBuildFile; fileRef = C00774551CE3343C002A2754 /* DataViewController.m */; };
		C00774591CE3343C002A2754 /* ModelController.m in Sources */ = {isa = PBXBuildFile; fileRef = C00774581CE3343C002A2754 /* ModelController.m */; };
		C007745C1CE3343C002A2754 /* Main.storyboard in Resources */ = {isa = PBXBuildFile; fileRef = C007745A1CE3343C002A2754 /* Main.storyboard */; };
		C007745E1CE3343C002A2754 /* Assets.xcassets in Resources */ = {isa = PBXBuildFile; fileRef = C007745D1CE3343C002A2754 /* Assets.xcassets */; };
		C00774611CE3343C002A2754 /* LaunchScreen.storyboard in Resources */ = {isa = PBXBuildFile; fileRef = C007745F1CE3343C002A2754 /* LaunchScreen.storyboard */; };
		C007746C1CE3343C002A2754 /* applicationTests.m in Sources */ = {isa = PBXBuildFile; fileRef = C007746B1CE3343C002A2754 /* applicationTests.m */; };
		C00774771CE3343C002A2754 /* applicationUITests.m in Sources */ = {isa = PBXBuildFile; fileRef = C00774761CE3343C002A2754 /* applicationUITests.m */; };
		C00774861CE337DE002A2754 /* HNModleViewController.m in Sources */ = {isa = PBXBuildFile; fileRef = C00774851CE337DE002A2754 /* HNModleViewController.m */; };
		C01254091CEEE98A004CE0C9 /* HNImageManager.m in Sources */ = {isa = PBXBuildFile; fileRef = C01254081CEEE98A004CE0C9 /* HNImageManager.m */; };
		C01FA89B1CE45B9B007D4D26 /* DACircularProgressView.m in Sources */ = {isa = PBXBuildFile; fileRef = C01FA8321CE45B9A007D4D26 /* DACircularProgressView.m */; };
		C01FA89C1CE45B9B007D4D26 /* DALabeledCircularProgressView.m in Sources */ = {isa = PBXBuildFile; fileRef = C01FA8341CE45B9A007D4D26 /* DALabeledCircularProgressView.m */; };
		C01FA89D1CE45B9B007D4D26 /* NSData+ImageContentType.m in Sources */ = {isa = PBXBuildFile; fileRef = C01FA8371CE45B9A007D4D26 /* NSData+ImageContentType.m */; };
		C01FA89E1CE45B9B007D4D26 /* SDImageCache.m in Sources */ = {isa = PBXBuildFile; fileRef = C01FA8391CE45B9A007D4D26 /* SDImageCache.m */; };
		C01FA89F1CE45B9B007D4D26 /* SDWebImageCompat.m in Sources */ = {isa = PBXBuildFile; fileRef = C01FA83B1CE45B9A007D4D26 /* SDWebImageCompat.m */; };
		C01FA8A01CE45B9B007D4D26 /* SDWebImageDecoder.m in Sources */ = {isa = PBXBuildFile; fileRef = C01FA83D1CE45B9A007D4D26 /* SDWebImageDecoder.m */; };
		C01FA8A11CE45B9B007D4D26 /* SDWebImageDownloader.m in Sources */ = {isa = PBXBuildFile; fileRef = C01FA83F1CE45B9A007D4D26 /* SDWebImageDownloader.m */; };
		C01FA8A21CE45B9B007D4D26 /* SDWebImageDownloaderOperation.m in Sources */ = {isa = PBXBuildFile; fileRef = C01FA8411CE45B9A007D4D26 /* SDWebImageDownloaderOperation.m */; };
		C01FA8A31CE45B9B007D4D26 /* SDWebImageManager.m in Sources */ = {isa = PBXBuildFile; fileRef = C01FA8431CE45B9A007D4D26 /* SDWebImageManager.m */; };
		C01FA8A41CE45B9B007D4D26 /* SDWebImagePrefetcher.m in Sources */ = {isa = PBXBuildFile; fileRef = C01FA8461CE45B9A007D4D26 /* SDWebImagePrefetcher.m */; };
		C01FA8A51CE45B9B007D4D26 /* UIButton+WebCache.m in Sources */ = {isa = PBXBuildFile; fileRef = C01FA8481CE45B9A007D4D26 /* UIButton+WebCache.m */; };
		C01FA8A61CE45B9B007D4D26 /* UIImage+GIF.m in Sources */ = {isa = PBXBuildFile; fileRef = C01FA84A1CE45B9A007D4D26 /* UIImage+GIF.m */; };
		C01FA8A71CE45B9B007D4D26 /* UIImage+MultiFormat.m in Sources */ = {isa = PBXBuildFile; fileRef = C01FA84C1CE45B9A007D4D26 /* UIImage+MultiFormat.m */; };
		C01FA8A81CE45B9B007D4D26 /* UIImageView+HighlightedWebCache.m in Sources */ = {isa = PBXBuildFile; fileRef = C01FA84E1CE45B9A007D4D26 /* UIImageView+HighlightedWebCache.m */; };
		C01FA8A91CE45B9B007D4D26 /* UIImageView+WebCache.m in Sources */ = {isa = PBXBuildFile; fileRef = C01FA8501CE45B9A007D4D26 /* UIImageView+WebCache.m */; };
		C01FA8AA1CE45B9B007D4D26 /* UIView+WebCacheOperation.m in Sources */ = {isa = PBXBuildFile; fileRef = C01FA8521CE45B9A007D4D26 /* UIView+WebCacheOperation.m */; };
		C01FA8CD1CE4642E007D4D26 /* CharacterLabel.swift in Sources */ = {isa = PBXBuildFile; fileRef = C01FA8C81CE4642E007D4D26 /* CharacterLabel.swift */; };
		C01FA8CE1CE4642E007D4D26 /* CLMLayerAnimation.swift in Sources */ = {isa = PBXBuildFile; fileRef = C01FA8C91CE4642E007D4D26 /* CLMLayerAnimation.swift */; };
		C01FA8CF1CE4642E007D4D26 /* FadingLabel.swift in Sources */ = {isa = PBXBuildFile; fileRef = C01FA8CA1CE4642E007D4D26 /* FadingLabel.swift */; };
		C01FA8D01CE4642E007D4D26 /* Quote.swift in Sources */ = {isa = PBXBuildFile; fileRef = C01FA8CB1CE4642E007D4D26 /* Quote.swift */; };
		C01FA8D11CE4642E007D4D26 /* SwiftExtenstions.swift in Sources */ = {isa = PBXBuildFile; fileRef = C01FA8CC1CE4642E007D4D26 /* SwiftExtenstions.swift */; };
		C0BF36371CEAFCC1000BF3E4 /* TZAssetCell.m in Sources */ = {isa = PBXBuildFile; fileRef = C0BF36251CEAFCC1000BF3E4 /* TZAssetCell.m */; };
		C0BF36381CEAFCC1000BF3E4 /* TZAssetModel.m in Sources */ = {isa = PBXBuildFile; fileRef = C0BF36271CEAFCC1000BF3E4 /* TZAssetModel.m */; };
		C0BF36391CEAFCC1000BF3E4 /* TZImageManager.m in Sources */ = {isa = PBXBuildFile; fileRef = C0BF36291CEAFCC1000BF3E4 /* TZImageManager.m */; };
		C0BF363A1CEAFCC1000BF3E4 /* TZImagePickerController.bundle in Resources */ = {isa = PBXBuildFile; fileRef = C0BF362A1CEAFCC1000BF3E4 /* TZImagePickerController.bundle */; };
		C0BF363B1CEAFCC1000BF3E4 /* TZImagePickerController.m in Sources */ = {isa = PBXBuildFile; fileRef = C0BF362C1CEAFCC1000BF3E4 /* TZImagePickerController.m */; };
		C0BF363C1CEAFCC1000BF3E4 /* TZPhotoPickerController.m in Sources */ = {isa = PBXBuildFile; fileRef = C0BF362E1CEAFCC1000BF3E4 /* TZPhotoPickerController.m */; };
		C0BF363D1CEAFCC1000BF3E4 /* TZPhotoPreviewCell.m in Sources */ = {isa = PBXBuildFile; fileRef = C0BF36301CEAFCC1000BF3E4 /* TZPhotoPreviewCell.m */; };
		C0BF363E1CEAFCC1000BF3E4 /* TZPhotoPreviewController.m in Sources */ = {isa = PBXBuildFile; fileRef = C0BF36321CEAFCC1000BF3E4 /* TZPhotoPreviewController.m */; };
		C0BF363F1CEAFCC1000BF3E4 /* TZVideoPlayerController.m in Sources */ = {isa = PBXBuildFile; fileRef = C0BF36341CEAFCC1000BF3E4 /* TZVideoPlayerController.m */; };
		C0BF36401CEAFCC1000BF3E4 /* UIView+Layout.m in Sources */ = {isa = PBXBuildFile; fileRef = C0BF36361CEAFCC1000BF3E4 /* UIView+Layout.m */; };
/* End PBXBuildFile section */

/* Begin PBXContainerItemProxy section */
		C00774681CE3343C002A2754 /* PBXContainerItemProxy */ = {
			isa = PBXContainerItemProxy;
			containerPortal = C00774401CE3343C002A2754 /* Project object */;
			proxyType = 1;
			remoteGlobalIDString = C00774471CE3343C002A2754;
			remoteInfo = application;
		};
		C00774731CE3343C002A2754 /* PBXContainerItemProxy */ = {
			isa = PBXContainerItemProxy;
			containerPortal = C00774401CE3343C002A2754 /* Project object */;
			proxyType = 1;
			remoteGlobalIDString = C00774471CE3343C002A2754;
			remoteInfo = application;
		};
/* End PBXContainerItemProxy section */

/* Begin PBXFileReference section */
		C00774481CE3343C002A2754 /* application.app */ = {isa = PBXFileReference; explicitFileType = wrapper.application; includeInIndex = 0; path = application.app; sourceTree = BUILT_PRODUCTS_DIR; };
		C007744C1CE3343C002A2754 /* main.m */ = {isa = PBXFileReference; lastKnownFileType = sourcecode.c.objc; path = main.m; sourceTree = "<group>"; };
		C007744E1CE3343C002A2754 /* AppDelegate.h */ = {isa = PBXFileReference; lastKnownFileType = sourcecode.c.h; path = AppDelegate.h; sourceTree = "<group>"; };
		C007744F1CE3343C002A2754 /* AppDelegate.m */ = {isa = PBXFileReference; lastKnownFileType = sourcecode.c.objc; path = AppDelegate.m; sourceTree = "<group>"; };
		C00774511CE3343C002A2754 /* RootViewController.h */ = {isa = PBXFileReference; lastKnownFileType = sourcecode.c.h; path = RootViewController.h; sourceTree = "<group>"; };
		C00774521CE3343C002A2754 /* RootViewController.m */ = {isa = PBXFileReference; lastKnownFileType = sourcecode.c.objc; path = RootViewController.m; sourceTree = "<group>"; };
		C00774541CE3343C002A2754 /* DataViewController.h */ = {isa = PBXFileReference; lastKnownFileType = sourcecode.c.h; path = DataViewController.h; sourceTree = "<group>"; };
		C00774551CE3343C002A2754 /* DataViewController.m */ = {isa = PBXFileReference; lastKnownFileType = sourcecode.c.objc; path = DataViewController.m; sourceTree = "<group>"; };
		C00774571CE3343C002A2754 /* ModelController.h */ = {isa = PBXFileReference; lastKnownFileType = sourcecode.c.h; path = ModelController.h; sourceTree = "<group>"; };
		C00774581CE3343C002A2754 /* ModelController.m */ = {isa = PBXFileReference; lastKnownFileType = sourcecode.c.objc; path = ModelController.m; sourceTree = "<group>"; };
		C007745B1CE3343C002A2754 /* Base */ = {isa = PBXFileReference; lastKnownFileType = file.storyboard; name = Base; path = Base.lproj/Main.storyboard; sourceTree = "<group>"; };
		C007745D1CE3343C002A2754 /* Assets.xcassets */ = {isa = PBXFileReference; lastKnownFileType = folder.assetcatalog; path = Assets.xcassets; sourceTree = "<group>"; };
		C00774601CE3343C002A2754 /* Base */ = {isa = PBXFileReference; lastKnownFileType = file.storyboard; name = Base; path = Base.lproj/LaunchScreen.storyboard; sourceTree = "<group>"; };
		C00774621CE3343C002A2754 /* Info.plist */ = {isa = PBXFileReference; lastKnownFileType = text.plist.xml; path = Info.plist; sourceTree = "<group>"; };
		C00774671CE3343C002A2754 /* applicationTests.xctest */ = {isa = PBXFileReference; explicitFileType = wrapper.cfbundle; includeInIndex = 0; path = applicationTests.xctest; sourceTree = BUILT_PRODUCTS_DIR; };
		C007746B1CE3343C002A2754 /* applicationTests.m */ = {isa = PBXFileReference; lastKnownFileType = sourcecode.c.objc; path = applicationTests.m; sourceTree = "<group>"; };
		C007746D1CE3343C002A2754 /* Info.plist */ = {isa = PBXFileReference; lastKnownFileType = text.plist.xml; path = Info.plist; sourceTree = "<group>"; };
		C00774721CE3343C002A2754 /* applicationUITests.xctest */ = {isa = PBXFileReference; explicitFileType = wrapper.cfbundle; includeInIndex = 0; path = applicationUITests.xctest; sourceTree = BUILT_PRODUCTS_DIR; };
		C00774761CE3343C002A2754 /* applicationUITests.m */ = {isa = PBXFileReference; lastKnownFileType = sourcecode.c.objc; path = applicationUITests.m; sourceTree = "<group>"; };
		C00774781CE3343C002A2754 /* Info.plist */ = {isa = PBXFileReference; lastKnownFileType = text.plist.xml; path = Info.plist; sourceTree = "<group>"; };
		C00774841CE337DE002A2754 /* HNModleViewController.h */ = {isa = PBXFileReference; fileEncoding = 4; lastKnownFileType = sourcecode.c.h; path = HNModleViewController.h; sourceTree = "<group>"; };
		C00774851CE337DE002A2754 /* HNModleViewController.m */ = {isa = PBXFileReference; fileEncoding = 4; lastKnownFileType = sourcecode.c.objc; path = HNModleViewController.m; sourceTree = "<group>"; };
		C01254071CEEE98A004CE0C9 /* HNImageManager.h */ = {isa = PBXFileReference; fileEncoding = 4; lastKnownFileType = sourcecode.c.h; name = HNImageManager.h; path = ThreePart/SDWebImage/HNImageManager.h; sourceTree = "<group>"; };
		C01254081CEEE98A004CE0C9 /* HNImageManager.m */ = {isa = PBXFileReference; fileEncoding = 4; lastKnownFileType = sourcecode.c.objc; name = HNImageManager.m; path = ThreePart/SDWebImage/HNImageManager.m; sourceTree = "<group>"; };
		C01FA8311CE45B9A007D4D26 /* DACircularProgressView.h */ = {isa = PBXFileReference; fileEncoding = 4; lastKnownFileType = sourcecode.c.h; path = DACircularProgressView.h; sourceTree = "<group>"; };
		C01FA8321CE45B9A007D4D26 /* DACircularProgressView.m */ = {isa = PBXFileReference; fileEncoding = 4; lastKnownFileType = sourcecode.c.objc; path = DACircularProgressView.m; sourceTree = "<group>"; };
		C01FA8331CE45B9A007D4D26 /* DALabeledCircularProgressView.h */ = {isa = PBXFileReference; fileEncoding = 4; lastKnownFileType = sourcecode.c.h; path = DALabeledCircularProgressView.h; sourceTree = "<group>"; };
		C01FA8341CE45B9A007D4D26 /* DALabeledCircularProgressView.m */ = {isa = PBXFileReference; fileEncoding = 4; lastKnownFileType = sourcecode.c.objc; path = DALabeledCircularProgressView.m; sourceTree = "<group>"; };
		C01FA8361CE45B9A007D4D26 /* NSData+ImageContentType.h */ = {isa = PBXFileReference; fileEncoding = 4; lastKnownFileType = sourcecode.c.h; path = "NSData+ImageContentType.h"; sourceTree = "<group>"; };
		C01FA8371CE45B9A007D4D26 /* NSData+ImageContentType.m */ = {isa = PBXFileReference; fileEncoding = 4; lastKnownFileType = sourcecode.c.objc; path = "NSData+ImageContentType.m"; sourceTree = "<group>"; };
		C01FA8381CE45B9A007D4D26 /* SDImageCache.h */ = {isa = PBXFileReference; fileEncoding = 4; lastKnownFileType = sourcecode.c.h; path = SDImageCache.h; sourceTree = "<group>"; };
		C01FA8391CE45B9A007D4D26 /* SDImageCache.m */ = {isa = PBXFileReference; fileEncoding = 4; lastKnownFileType = sourcecode.c.objc; path = SDImageCache.m; sourceTree = "<group>"; };
		C01FA83A1CE45B9A007D4D26 /* SDWebImageCompat.h */ = {isa = PBXFileReference; fileEncoding = 4; lastKnownFileType = sourcecode.c.h; path = SDWebImageCompat.h; sourceTree = "<group>"; };
		C01FA83B1CE45B9A007D4D26 /* SDWebImageCompat.m */ = {isa = PBXFileReference; fileEncoding = 4; lastKnownFileType = sourcecode.c.objc; path = SDWebImageCompat.m; sourceTree = "<group>"; };
		C01FA83C1CE45B9A007D4D26 /* SDWebImageDecoder.h */ = {isa = PBXFileReference; fileEncoding = 4; lastKnownFileType = sourcecode.c.h; path = SDWebImageDecoder.h; sourceTree = "<group>"; };
		C01FA83D1CE45B9A007D4D26 /* SDWebImageDecoder.m */ = {isa = PBXFileReference; fileEncoding = 4; lastKnownFileType = sourcecode.c.objc; path = SDWebImageDecoder.m; sourceTree = "<group>"; };
		C01FA83E1CE45B9A007D4D26 /* SDWebImageDownloader.h */ = {isa = PBXFileReference; fileEncoding = 4; lastKnownFileType = sourcecode.c.h; path = SDWebImageDownloader.h; sourceTree = "<group>"; };
		C01FA83F1CE45B9A007D4D26 /* SDWebImageDownloader.m */ = {isa = PBXFileReference; fileEncoding = 4; lastKnownFileType = sourcecode.c.objc; path = SDWebImageDownloader.m; sourceTree = "<group>"; };
		C01FA8401CE45B9A007D4D26 /* SDWebImageDownloaderOperation.h */ = {isa = PBXFileReference; fileEncoding = 4; lastKnownFileType = sourcecode.c.h; path = SDWebImageDownloaderOperation.h; sourceTree = "<group>"; };
		C01FA8411CE45B9A007D4D26 /* SDWebImageDownloaderOperation.m */ = {isa = PBXFileReference; fileEncoding = 4; lastKnownFileType = sourcecode.c.objc; path = SDWebImageDownloaderOperation.m; sourceTree = "<group>"; };
		C01FA8421CE45B9A007D4D26 /* SDWebImageManager.h */ = {isa = PBXFileReference; fileEncoding = 4; lastKnownFileType = sourcecode.c.h; path = SDWebImageManager.h; sourceTree = "<group>"; };
		C01FA8431CE45B9A007D4D26 /* SDWebImageManager.m */ = {isa = PBXFileReference; fileEncoding = 4; lastKnownFileType = sourcecode.c.objc; path = SDWebImageManager.m; sourceTree = "<group>"; };
		C01FA8441CE45B9A007D4D26 /* SDWebImageOperation.h */ = {isa = PBXFileReference; fileEncoding = 4; lastKnownFileType = sourcecode.c.h; path = SDWebImageOperation.h; sourceTree = "<group>"; };
		C01FA8451CE45B9A007D4D26 /* SDWebImagePrefetcher.h */ = {isa = PBXFileReference; fileEncoding = 4; lastKnownFileType = sourcecode.c.h; path = SDWebImagePrefetcher.h; sourceTree = "<group>"; };
		C01FA8461CE45B9A007D4D26 /* SDWebImagePrefetcher.m */ = {isa = PBXFileReference; fileEncoding = 4; lastKnownFileType = sourcecode.c.objc; path = SDWebImagePrefetcher.m; sourceTree = "<group>"; };
		C01FA8471CE45B9A007D4D26 /* UIButton+WebCache.h */ = {isa = PBXFileReference; fileEncoding = 4; lastKnownFileType = sourcecode.c.h; path = "UIButton+WebCache.h"; sourceTree = "<group>"; };
		C01FA8481CE45B9A007D4D26 /* UIButton+WebCache.m */ = {isa = PBXFileReference; fileEncoding = 4; lastKnownFileType = sourcecode.c.objc; path = "UIButton+WebCache.m"; sourceTree = "<group>"; };
		C01FA8491CE45B9A007D4D26 /* UIImage+GIF.h */ = {isa = PBXFileReference; fileEncoding = 4; lastKnownFileType = sourcecode.c.h; path = "UIImage+GIF.h"; sourceTree = "<group>"; };
		C01FA84A1CE45B9A007D4D26 /* UIImage+GIF.m */ = {isa = PBXFileReference; fileEncoding = 4; lastKnownFileType = sourcecode.c.objc; path = "UIImage+GIF.m"; sourceTree = "<group>"; };
		C01FA84B1CE45B9A007D4D26 /* UIImage+MultiFormat.h */ = {isa = PBXFileReference; fileEncoding = 4; lastKnownFileType = sourcecode.c.h; path = "UIImage+MultiFormat.h"; sourceTree = "<group>"; };
		C01FA84C1CE45B9A007D4D26 /* UIImage+MultiFormat.m */ = {isa = PBXFileReference; fileEncoding = 4; lastKnownFileType = sourcecode.c.objc; path = "UIImage+MultiFormat.m"; sourceTree = "<group>"; };
		C01FA84D1CE45B9A007D4D26 /* UIImageView+HighlightedWebCache.h */ = {isa = PBXFileReference; fileEncoding = 4; lastKnownFileType = sourcecode.c.h; path = "UIImageView+HighlightedWebCache.h"; sourceTree = "<group>"; };
		C01FA84E1CE45B9A007D4D26 /* UIImageView+HighlightedWebCache.m */ = {isa = PBXFileReference; fileEncoding = 4; lastKnownFileType = sourcecode.c.objc; path = "UIImageView+HighlightedWebCache.m"; sourceTree = "<group>"; };
		C01FA84F1CE45B9A007D4D26 /* UIImageView+WebCache.h */ = {isa = PBXFileReference; fileEncoding = 4; lastKnownFileType = sourcecode.c.h; path = "UIImageView+WebCache.h"; sourceTree = "<group>"; };
		C01FA8501CE45B9A007D4D26 /* UIImageView+WebCache.m */ = {isa = PBXFileReference; fileEncoding = 4; lastKnownFileType = sourcecode.c.objc; path = "UIImageView+WebCache.m"; sourceTree = "<group>"; };
		C01FA8511CE45B9A007D4D26 /* UIView+WebCacheOperation.h */ = {isa = PBXFileReference; fileEncoding = 4; lastKnownFileType = sourcecode.c.h; path = "UIView+WebCacheOperation.h"; sourceTree = "<group>"; };
		C01FA8521CE45B9A007D4D26 /* UIView+WebCacheOperation.m */ = {isa = PBXFileReference; fileEncoding = 4; lastKnownFileType = sourcecode.c.objc; path = "UIView+WebCacheOperation.m"; sourceTree = "<group>"; };
		C01FA8C71CE46426007D4D26 /* application-Bridging-Header.h */ = {isa = PBXFileReference; lastKnownFileType = sourcecode.c.h; path = "application-Bridging-Header.h"; sourceTree = "<group>"; };
		C01FA8C81CE4642E007D4D26 /* CharacterLabel.swift */ = {isa = PBXFileReference; fileEncoding = 4; lastKnownFileType = sourcecode.swift; path = CharacterLabel.swift; sourceTree = "<group>"; };
		C01FA8C91CE4642E007D4D26 /* CLMLayerAnimation.swift */ = {isa = PBXFileReference; fileEncoding = 4; lastKnownFileType = sourcecode.swift; path = CLMLayerAnimation.swift; sourceTree = "<group>"; };
		C01FA8CA1CE4642E007D4D26 /* FadingLabel.swift */ = {isa = PBXFileReference; fileEncoding = 4; lastKnownFileType = sourcecode.swift; path = FadingLabel.swift; sourceTree = "<group>"; };
		C01FA8CB1CE4642E007D4D26 /* Quote.swift */ = {isa = PBXFileReference; fileEncoding = 4; lastKnownFileType = sourcecode.swift; path = Quote.swift; sourceTree = "<group>"; };
		C01FA8CC1CE4642E007D4D26 /* SwiftExtenstions.swift */ = {isa = PBXFileReference; fileEncoding = 4; lastKnownFileType = sourcecode.swift; path = SwiftExtenstions.swift; sourceTree = "<group>"; };
		C0BF36241CEAFCC1000BF3E4 /* TZAssetCell.h */ = {isa = PBXFileReference; fileEncoding = 4; lastKnownFileType = sourcecode.c.h; path = TZAssetCell.h; sourceTree = "<group>"; };
		C0BF36251CEAFCC1000BF3E4 /* TZAssetCell.m */ = {isa = PBXFileReference; fileEncoding = 4; lastKnownFileType = sourcecode.c.objc; path = TZAssetCell.m; sourceTree = "<group>"; };
		C0BF36261CEAFCC1000BF3E4 /* TZAssetModel.h */ = {isa = PBXFileReference; fileEncoding = 4; lastKnownFileType = sourcecode.c.h; path = TZAssetModel.h; sourceTree = "<group>"; };
		C0BF36271CEAFCC1000BF3E4 /* TZAssetModel.m */ = {isa = PBXFileReference; fileEncoding = 4; lastKnownFileType = sourcecode.c.objc; path = TZAssetModel.m; sourceTree = "<group>"; };
		C0BF36281CEAFCC1000BF3E4 /* TZImageManager.h */ = {isa = PBXFileReference; fileEncoding = 4; lastKnownFileType = sourcecode.c.h; path = TZImageManager.h; sourceTree = "<group>"; };
		C0BF36291CEAFCC1000BF3E4 /* TZImageManager.m */ = {isa = PBXFileReference; fileEncoding = 4; lastKnownFileType = sourcecode.c.objc; path = TZImageManager.m; sourceTree = "<group>"; };
		C0BF362A1CEAFCC1000BF3E4 /* TZImagePickerController.bundle */ = {isa = PBXFileReference; lastKnownFileType = "wrapper.plug-in"; path = TZImagePickerController.bundle; sourceTree = "<group>"; };
		C0BF362B1CEAFCC1000BF3E4 /* TZImagePickerController.h */ = {isa = PBXFileReference; fileEncoding = 4; lastKnownFileType = sourcecode.c.h; path = TZImagePickerController.h; sourceTree = "<group>"; };
		C0BF362C1CEAFCC1000BF3E4 /* TZImagePickerController.m */ = {isa = PBXFileReference; fileEncoding = 4; lastKnownFileType = sourcecode.c.objc; path = TZImagePickerController.m; sourceTree = "<group>"; };
		C0BF362D1CEAFCC1000BF3E4 /* TZPhotoPickerController.h */ = {isa = PBXFileReference; fileEncoding = 4; lastKnownFileType = sourcecode.c.h; path = TZPhotoPickerController.h; sourceTree = "<group>"; };
		C0BF362E1CEAFCC1000BF3E4 /* TZPhotoPickerController.m */ = {isa = PBXFileReference; fileEncoding = 4; lastKnownFileType = sourcecode.c.objc; path = TZPhotoPickerController.m; sourceTree = "<group>"; };
		C0BF362F1CEAFCC1000BF3E4 /* TZPhotoPreviewCell.h */ = {isa = PBXFileReference; fileEncoding = 4; lastKnownFileType = sourcecode.c.h; path = TZPhotoPreviewCell.h; sourceTree = "<group>"; };
		C0BF36301CEAFCC1000BF3E4 /* TZPhotoPreviewCell.m */ = {isa = PBXFileReference; fileEncoding = 4; lastKnownFileType = sourcecode.c.objc; path = TZPhotoPreviewCell.m; sourceTree = "<group>"; };
		C0BF36311CEAFCC1000BF3E4 /* TZPhotoPreviewController.h */ = {isa = PBXFileReference; fileEncoding = 4; lastKnownFileType = sourcecode.c.h; path = TZPhotoPreviewController.h; sourceTree = "<group>"; };
		C0BF36321CEAFCC1000BF3E4 /* TZPhotoPreviewController.m */ = {isa = PBXFileReference; fileEncoding = 4; lastKnownFileType = sourcecode.c.objc; path = TZPhotoPreviewController.m; sourceTree = "<group>"; };
		C0BF36331CEAFCC1000BF3E4 /* TZVideoPlayerController.h */ = {isa = PBXFileReference; fileEncoding = 4; lastKnownFileType = sourcecode.c.h; path = TZVideoPlayerController.h; sourceTree = "<group>"; };
		C0BF36341CEAFCC1000BF3E4 /* TZVideoPlayerController.m */ = {isa = PBXFileReference; fileEncoding = 4; lastKnownFileType = sourcecode.c.objc; path = TZVideoPlayerController.m; sourceTree = "<group>"; };
		C0BF36351CEAFCC1000BF3E4 /* UIView+Layout.h */ = {isa = PBXFileReference; fileEncoding = 4; lastKnownFileType = sourcecode.c.h; path = "UIView+Layout.h"; sourceTree = "<group>"; };
		C0BF36361CEAFCC1000BF3E4 /* UIView+Layout.m */ = {isa = PBXFileReference; fileEncoding = 4; lastKnownFileType = sourcecode.c.objc; path = "UIView+Layout.m"; sourceTree = "<group>"; };
/* End PBXFileReference section */

/* Begin PBXFrameworksBuildPhase section */
		C00774451CE3343C002A2754 /* Frameworks */ = {
			isa = PBXFrameworksBuildPhase;
			buildActionMask = 2147483647;
			files = (
			);
			runOnlyForDeploymentPostprocessing = 0;
		};
		C00774641CE3343C002A2754 /* Frameworks */ = {
			isa = PBXFrameworksBuildPhase;
			buildActionMask = 2147483647;
			files = (
			);
			runOnlyForDeploymentPostprocessing = 0;
		};
		C007746F1CE3343C002A2754 /* Frameworks */ = {
			isa = PBXFrameworksBuildPhase;
			buildActionMask = 2147483647;
			files = (
			);
			runOnlyForDeploymentPostprocessing = 0;
		};
/* End PBXFrameworksBuildPhase section */

/* Begin PBXGroup section */
		C007743F1CE3343C002A2754 = {
			isa = PBXGroup;
			children = (
				C007744A1CE3343C002A2754 /* application */,
				C007746A1CE3343C002A2754 /* applicationTests */,
				C00774751CE3343C002A2754 /* applicationUITests */,
				C00774491CE3343C002A2754 /* Products */,
			);
			sourceTree = "<group>";
		};
		C00774491CE3343C002A2754 /* Products */ = {
			isa = PBXGroup;
			children = (
				C00774481CE3343C002A2754 /* application.app */,
				C00774671CE3343C002A2754 /* applicationTests.xctest */,
				C00774721CE3343C002A2754 /* applicationUITests.xctest */,
			);
			name = Products;
			sourceTree = "<group>";
		};
		C007744A1CE3343C002A2754 /* application */ = {
			isa = PBXGroup;
			children = (
				C01FA82F1CE45B9A007D4D26 /* ThreePart */,
				C007744E1CE3343C002A2754 /* AppDelegate.h */,
				C007744F1CE3343C002A2754 /* AppDelegate.m */,
				C01254071CEEE98A004CE0C9 /* HNImageManager.h */,
				C01254081CEEE98A004CE0C9 /* HNImageManager.m */,
				C00774511CE3343C002A2754 /* RootViewController.h */,
				C00774521CE3343C002A2754 /* RootViewController.m */,
				C00774541CE3343C002A2754 /* DataViewController.h */,
				C00774551CE3343C002A2754 /* DataViewController.m */,
				C00774571CE3343C002A2754 /* ModelController.h */,
				C00774581CE3343C002A2754 /* ModelController.m */,
				C007745A1CE3343C002A2754 /* Main.storyboard */,
				C007745D1CE3343C002A2754 /* Assets.xcassets */,
				C007745F1CE3343C002A2754 /* LaunchScreen.storyboard */,
				C00774621CE3343C002A2754 /* Info.plist */,
				C01FA8C81CE4642E007D4D26 /* CharacterLabel.swift */,
				C01FA8C91CE4642E007D4D26 /* CLMLayerAnimation.swift */,
				C01FA8CA1CE4642E007D4D26 /* FadingLabel.swift */,
				C01FA8CB1CE4642E007D4D26 /* Quote.swift */,
				C01FA8CC1CE4642E007D4D26 /* SwiftExtenstions.swift */,
				C007744B1CE3343C002A2754 /* Supporting Files */,
				C00774841CE337DE002A2754 /* HNModleViewController.h */,
				C00774851CE337DE002A2754 /* HNModleViewController.m */,
				C01FA8C71CE46426007D4D26 /* application-Bridging-Header.h */,
			);
			path = application;
			sourceTree = "<group>";
		};
		C007744B1CE3343C002A2754 /* Supporting Files */ = {
			isa = PBXGroup;
			children = (
				C007744C1CE3343C002A2754 /* main.m */,
			);
			name = "Supporting Files";
			sourceTree = "<group>";
		};
		C007746A1CE3343C002A2754 /* applicationTests */ = {
			isa = PBXGroup;
			children = (
				C007746B1CE3343C002A2754 /* applicationTests.m */,
				C007746D1CE3343C002A2754 /* Info.plist */,
			);
			path = applicationTests;
			sourceTree = "<group>";
		};
		C00774751CE3343C002A2754 /* applicationUITests */ = {
			isa = PBXGroup;
			children = (
				C00774761CE3343C002A2754 /* applicationUITests.m */,
				C00774781CE3343C002A2754 /* Info.plist */,
			);
			path = applicationUITests;
			sourceTree = "<group>";
		};
		C01FA82F1CE45B9A007D4D26 /* ThreePart */ = {
			isa = PBXGroup;
			children = (
				C0BF36231CEAFCC1000BF3E4 /* TZImagePickerController */,
				C01FA8301CE45B9A007D4D26 /* DACircularProgress */,
				C01FA8351CE45B9A007D4D26 /* SDWebImage */,
			);
			path = ThreePart;
			sourceTree = "<group>";
		};
		C01FA8301CE45B9A007D4D26 /* DACircularProgress */ = {
			isa = PBXGroup;
			children = (
				C01FA8311CE45B9A007D4D26 /* DACircularProgressView.h */,
				C01FA8321CE45B9A007D4D26 /* DACircularProgressView.m */,
				C01FA8331CE45B9A007D4D26 /* DALabeledCircularProgressView.h */,
				C01FA8341CE45B9A007D4D26 /* DALabeledCircularProgressView.m */,
			);
			path = DACircularProgress;
			sourceTree = "<group>";
		};
		C01FA8351CE45B9A007D4D26 /* SDWebImage */ = {
			isa = PBXGroup;
			children = (
				C01FA8361CE45B9A007D4D26 /* NSData+ImageContentType.h */,
				C01FA8371CE45B9A007D4D26 /* NSData+ImageContentType.m */,
				C01FA8381CE45B9A007D4D26 /* SDImageCache.h */,
				C01FA8391CE45B9A007D4D26 /* SDImageCache.m */,
				C01FA83A1CE45B9A007D4D26 /* SDWebImageCompat.h */,
				C01FA83B1CE45B9A007D4D26 /* SDWebImageCompat.m */,
				C01FA83C1CE45B9A007D4D26 /* SDWebImageDecoder.h */,
				C01FA83D1CE45B9A007D4D26 /* SDWebImageDecoder.m */,
				C01FA83E1CE45B9A007D4D26 /* SDWebImageDownloader.h */,
				C01FA83F1CE45B9A007D4D26 /* SDWebImageDownloader.m */,
				C01FA8401CE45B9A007D4D26 /* SDWebImageDownloaderOperation.h */,
				C01FA8411CE45B9A007D4D26 /* SDWebImageDownloaderOperation.m */,
				C01FA8421CE45B9A007D4D26 /* SDWebImageManager.h */,
				C01FA8431CE45B9A007D4D26 /* SDWebImageManager.m */,
				C01FA8441CE45B9A007D4D26 /* SDWebImageOperation.h */,
				C01FA8451CE45B9A007D4D26 /* SDWebImagePrefetcher.h */,
				C01FA8461CE45B9A007D4D26 /* SDWebImagePrefetcher.m */,
				C01FA8471CE45B9A007D4D26 /* UIButton+WebCache.h */,
				C01FA8481CE45B9A007D4D26 /* UIButton+WebCache.m */,
				C01FA8491CE45B9A007D4D26 /* UIImage+GIF.h */,
				C01FA84A1CE45B9A007D4D26 /* UIImage+GIF.m */,
				C01FA84B1CE45B9A007D4D26 /* UIImage+MultiFormat.h */,
				C01FA84C1CE45B9A007D4D26 /* UIImage+MultiFormat.m */,
				C01FA84D1CE45B9A007D4D26 /* UIImageView+HighlightedWebCache.h */,
				C01FA84E1CE45B9A007D4D26 /* UIImageView+HighlightedWebCache.m */,
				C01FA84F1CE45B9A007D4D26 /* UIImageView+WebCache.h */,
				C01FA8501CE45B9A007D4D26 /* UIImageView+WebCache.m */,
				C01FA8511CE45B9A007D4D26 /* UIView+WebCacheOperation.h */,
				C01FA8521CE45B9A007D4D26 /* UIView+WebCacheOperation.m */,
			);
			path = SDWebImage;
			sourceTree = "<group>";
		};
		C0BF36231CEAFCC1000BF3E4 /* TZImagePickerController */ = {
			isa = PBXGroup;
			children = (
				C0BF36241CEAFCC1000BF3E4 /* TZAssetCell.h */,
				C0BF36251CEAFCC1000BF3E4 /* TZAssetCell.m */,
				C0BF36261CEAFCC1000BF3E4 /* TZAssetModel.h */,
				C0BF36271CEAFCC1000BF3E4 /* TZAssetModel.m */,
				C0BF36281CEAFCC1000BF3E4 /* TZImageManager.h */,
				C0BF36291CEAFCC1000BF3E4 /* TZImageManager.m */,
				C0BF362A1CEAFCC1000BF3E4 /* TZImagePickerController.bundle */,
				C0BF362B1CEAFCC1000BF3E4 /* TZImagePickerController.h */,
				C0BF362C1CEAFCC1000BF3E4 /* TZImagePickerController.m */,
				C0BF362D1CEAFCC1000BF3E4 /* TZPhotoPickerController.h */,
				C0BF362E1CEAFCC1000BF3E4 /* TZPhotoPickerController.m */,
				C0BF362F1CEAFCC1000BF3E4 /* TZPhotoPreviewCell.h */,
				C0BF36301CEAFCC1000BF3E4 /* TZPhotoPreviewCell.m */,
				C0BF36311CEAFCC1000BF3E4 /* TZPhotoPreviewController.h */,
				C0BF36321CEAFCC1000BF3E4 /* TZPhotoPreviewController.m */,
				C0BF36331CEAFCC1000BF3E4 /* TZVideoPlayerController.h */,
				C0BF36341CEAFCC1000BF3E4 /* TZVideoPlayerController.m */,
				C0BF36351CEAFCC1000BF3E4 /* UIView+Layout.h */,
				C0BF36361CEAFCC1000BF3E4 /* UIView+Layout.m */,
			);
			path = TZImagePickerController;
			sourceTree = "<group>";
		};
/* End PBXGroup section */

/* Begin PBXNativeTarget section */
		C00774471CE3343C002A2754 /* application */ = {
			isa = PBXNativeTarget;
			buildConfigurationList = C007747B1CE3343C002A2754 /* Build configuration list for PBXNativeTarget "application" */;
			buildPhases = (
				C00774441CE3343C002A2754 /* Sources */,
				C00774451CE3343C002A2754 /* Frameworks */,
				C00774461CE3343C002A2754 /* Resources */,
			);
			buildRules = (
			);
			dependencies = (
			);
			name = application;
			productName = application;
			productReference = C00774481CE3343C002A2754 /* application.app */;
			productType = "com.apple.product-type.application";
		};
		C00774661CE3343C002A2754 /* applicationTests */ = {
			isa = PBXNativeTarget;
			buildConfigurationList = C007747E1CE3343C002A2754 /* Build configuration list for PBXNativeTarget "applicationTests" */;
			buildPhases = (
				C00774631CE3343C002A2754 /* Sources */,
				C00774641CE3343C002A2754 /* Frameworks */,
				C00774651CE3343C002A2754 /* Resources */,
			);
			buildRules = (
			);
			dependencies = (
				C00774691CE3343C002A2754 /* PBXTargetDependency */,
			);
			name = applicationTests;
			productName = applicationTests;
			productReference = C00774671CE3343C002A2754 /* applicationTests.xctest */;
			productType = "com.apple.product-type.bundle.unit-test";
		};
		C00774711CE3343C002A2754 /* applicationUITests */ = {
			isa = PBXNativeTarget;
			buildConfigurationList = C00774811CE3343C002A2754 /* Build configuration list for PBXNativeTarget "applicationUITests" */;
			buildPhases = (
				C007746E1CE3343C002A2754 /* Sources */,
				C007746F1CE3343C002A2754 /* Frameworks */,
				C00774701CE3343C002A2754 /* Resources */,
			);
			buildRules = (
			);
			dependencies = (
				C00774741CE3343C002A2754 /* PBXTargetDependency */,
			);
			name = applicationUITests;
			productName = applicationUITests;
			productReference = C00774721CE3343C002A2754 /* applicationUITests.xctest */;
			productType = "com.apple.product-type.bundle.ui-testing";
		};
/* End PBXNativeTarget section */

/* Begin PBXProject section */
		C00774401CE3343C002A2754 /* Project object */ = {
			isa = PBXProject;
			attributes = {
				LastUpgradeCheck = 0730;
				ORGANIZATIONNAME = "Linyou-IOS-1";
				TargetAttributes = {
					C00774471CE3343C002A2754 = {
						CreatedOnToolsVersion = 7.3;
					};
					C00774661CE3343C002A2754 = {
						CreatedOnToolsVersion = 7.3;
						TestTargetID = C00774471CE3343C002A2754;
					};
					C00774711CE3343C002A2754 = {
						CreatedOnToolsVersion = 7.3;
						TestTargetID = C00774471CE3343C002A2754;
					};
				};
			};
			buildConfigurationList = C00774431CE3343C002A2754 /* Build configuration list for PBXProject "application" */;
			compatibilityVersion = "Xcode 3.2";
			developmentRegion = English;
			hasScannedForEncodings = 0;
			knownRegions = (
				en,
				Base,
			);
			mainGroup = C007743F1CE3343C002A2754;
			productRefGroup = C00774491CE3343C002A2754 /* Products */;
			projectDirPath = "";
			projectRoot = "";
			targets = (
				C00774471CE3343C002A2754 /* application */,
				C00774661CE3343C002A2754 /* applicationTests */,
				C00774711CE3343C002A2754 /* applicationUITests */,
			);
		};
/* End PBXProject section */

/* Begin PBXResourcesBuildPhase section */
		C00774461CE3343C002A2754 /* Resources */ = {
			isa = PBXResourcesBuildPhase;
			buildActionMask = 2147483647;
			files = (
				C00774611CE3343C002A2754 /* LaunchScreen.storyboard in Resources */,
				C0BF363A1CEAFCC1000BF3E4 /* TZImagePickerController.bundle in Resources */,
				C007745E1CE3343C002A2754 /* Assets.xcassets in Resources */,
				C007745C1CE3343C002A2754 /* Main.storyboard in Resources */,
			);
			runOnlyForDeploymentPostprocessing = 0;
		};
		C00774651CE3343C002A2754 /* Resources */ = {
			isa = PBXResourcesBuildPhase;
			buildActionMask = 2147483647;
			files = (
			);
			runOnlyForDeploymentPostprocessing = 0;
		};
		C00774701CE3343C002A2754 /* Resources */ = {
			isa = PBXResourcesBuildPhase;
			buildActionMask = 2147483647;
			files = (
			);
			runOnlyForDeploymentPostprocessing = 0;
		};
/* End PBXResourcesBuildPhase section */

/* Begin PBXSourcesBuildPhase section */
		C00774441CE3343C002A2754 /* Sources */ = {
			isa = PBXSourcesBuildPhase;
			buildActionMask = 2147483647;
			files = (
				C0BF363B1CEAFCC1000BF3E4 /* TZImagePickerController.m in Sources */,
				C01FA8A61CE45B9B007D4D26 /* UIImage+GIF.m in Sources */,
				C01FA89F1CE45B9B007D4D26 /* SDWebImageCompat.m in Sources */,
				C01FA8D01CE4642E007D4D26 /* Quote.swift in Sources */,
				C01FA8A51CE45B9B007D4D26 /* UIButton+WebCache.m in Sources */,
				C01FA8A71CE45B9B007D4D26 /* UIImage+MultiFormat.m in Sources */,
				C01FA8AA1CE45B9B007D4D26 /* UIView+WebCacheOperation.m in Sources */,
				C0BF36381CEAFCC1000BF3E4 /* TZAssetModel.m in Sources */,
				C01FA8D11CE4642E007D4D26 /* SwiftExtenstions.swift in Sources */,
				C01FA8A41CE45B9B007D4D26 /* SDWebImagePrefetcher.m in Sources */,
				C00774861CE337DE002A2754 /* HNModleViewController.m in Sources */,
				C00774561CE3343C002A2754 /* DataViewController.m in Sources */,
				C01FA8CF1CE4642E007D4D26 /* FadingLabel.swift in Sources */,
				C00774501CE3343C002A2754 /* AppDelegate.m in Sources */,
				C0BF363C1CEAFCC1000BF3E4 /* TZPhotoPickerController.m in Sources */,
				C0BF36391CEAFCC1000BF3E4 /* TZImageManager.m in Sources */,
				C01FA8A21CE45B9B007D4D26 /* SDWebImageDownloaderOperation.m in Sources */,
				C01FA8A01CE45B9B007D4D26 /* SDWebImageDecoder.m in Sources */,
				C00774591CE3343C002A2754 /* ModelController.m in Sources */,
				C01FA8A91CE45B9B007D4D26 /* UIImageView+WebCache.m in Sources */,
				C01FA89D1CE45B9B007D4D26 /* NSData+ImageContentType.m in Sources */,
				C0BF363E1CEAFCC1000BF3E4 /* TZPhotoPreviewController.m in Sources */,
				C01FA8A11CE45B9B007D4D26 /* SDWebImageDownloader.m in Sources */,
				C007744D1CE3343C002A2754 /* main.m in Sources */,
				C01FA89C1CE45B9B007D4D26 /* DALabeledCircularProgressView.m in Sources */,
				C0BF363D1CEAFCC1000BF3E4 /* TZPhotoPreviewCell.m in Sources */,
				C01FA89B1CE45B9B007D4D26 /* DACircularProgressView.m in Sources */,
				C01FA8CE1CE4642E007D4D26 /* CLMLayerAnimation.swift in Sources */,
				C0BF36371CEAFCC1000BF3E4 /* TZAssetCell.m in Sources */,
				C0BF363F1CEAFCC1000BF3E4 /* TZVideoPlayerController.m in Sources */,
				C01FA8A31CE45B9B007D4D26 /* SDWebImageManager.m in Sources */,
				C01254091CEEE98A004CE0C9 /* HNImageManager.m in Sources */,
				C00774531CE3343C002A2754 /* RootViewController.m in Sources */,
				C0BF36401CEAFCC1000BF3E4 /* UIView+Layout.m in Sources */,
				C01FA8A81CE45B9B007D4D26 /* UIImageView+HighlightedWebCache.m in Sources */,
				C01FA8CD1CE4642E007D4D26 /* CharacterLabel.swift in Sources */,
				C01FA89E1CE45B9B007D4D26 /* SDImageCache.m in Sources */,
			);
			runOnlyForDeploymentPostprocessing = 0;
		};
		C00774631CE3343C002A2754 /* Sources */ = {
			isa = PBXSourcesBuildPhase;
			buildActionMask = 2147483647;
			files = (
				C007746C1CE3343C002A2754 /* applicationTests.m in Sources */,
			);
			runOnlyForDeploymentPostprocessing = 0;
		};
		C007746E1CE3343C002A2754 /* Sources */ = {
			isa = PBXSourcesBuildPhase;
			buildActionMask = 2147483647;
			files = (
				C00774771CE3343C002A2754 /* applicationUITests.m in Sources */,
			);
			runOnlyForDeploymentPostprocessing = 0;
		};
/* End PBXSourcesBuildPhase section */

/* Begin PBXTargetDependency section */
		C00774691CE3343C002A2754 /* PBXTargetDependency */ = {
			isa = PBXTargetDependency;
			target = C00774471CE3343C002A2754 /* application */;
			targetProxy = C00774681CE3343C002A2754 /* PBXContainerItemProxy */;
		};
		C00774741CE3343C002A2754 /* PBXTargetDependency */ = {
			isa = PBXTargetDependency;
			target = C00774471CE3343C002A2754 /* application */;
			targetProxy = C00774731CE3343C002A2754 /* PBXContainerItemProxy */;
		};
/* End PBXTargetDependency section */

/* Begin PBXVariantGroup section */
		C007745A1CE3343C002A2754 /* Main.storyboard */ = {
			isa = PBXVariantGroup;
			children = (
				C007745B1CE3343C002A2754 /* Base */,
			);
			name = Main.storyboard;
			sourceTree = "<group>";
		};
		C007745F1CE3343C002A2754 /* LaunchScreen.storyboard */ = {
			isa = PBXVariantGroup;
			children = (
				C00774601CE3343C002A2754 /* Base */,
			);
			name = LaunchScreen.storyboard;
			sourceTree = "<group>";
		};
/* End PBXVariantGroup section */

/* Begin XCBuildConfiguration section */
		C00774791CE3343C002A2754 /* Debug */ = {
			isa = XCBuildConfiguration;
			buildSettings = {
				ALWAYS_SEARCH_USER_PATHS = NO;
				CLANG_ANALYZER_NONNULL = YES;
				CLANG_CXX_LANGUAGE_STANDARD = "gnu++0x";
				CLANG_CXX_LIBRARY = "libc++";
				CLANG_ENABLE_MODULES = YES;
				CLANG_ENABLE_OBJC_ARC = YES;
				CLANG_WARN_BOOL_CONVERSION = YES;
				CLANG_WARN_CONSTANT_CONVERSION = YES;
				CLANG_WARN_DIRECT_OBJC_ISA_USAGE = YES_ERROR;
				CLANG_WARN_EMPTY_BODY = YES;
				CLANG_WARN_ENUM_CONVERSION = YES;
				CLANG_WARN_INT_CONVERSION = YES;
				CLANG_WARN_OBJC_ROOT_CLASS = YES_ERROR;
				CLANG_WARN_UNREACHABLE_CODE = YES;
				CLANG_WARN__DUPLICATE_METHOD_MATCH = YES;
				"CODE_SIGN_IDENTITY[sdk=iphoneos*]" = "iPhone Developer";
				COPY_PHASE_STRIP = NO;
				DEBUG_INFORMATION_FORMAT = dwarf;
				ENABLE_STRICT_OBJC_MSGSEND = YES;
				ENABLE_TESTABILITY = YES;
				GCC_C_LANGUAGE_STANDARD = gnu99;
				GCC_DYNAMIC_NO_PIC = NO;
				GCC_NO_COMMON_BLOCKS = YES;
				GCC_OPTIMIZATION_LEVEL = 0;
				GCC_PREPROCESSOR_DEFINITIONS = (
					"DEBUG=1",
					"$(inherited)",
				);
				GCC_WARN_64_TO_32_BIT_CONVERSION = YES;
				GCC_WARN_ABOUT_RETURN_TYPE = YES_ERROR;
				GCC_WARN_UNDECLARED_SELECTOR = YES;
				GCC_WARN_UNINITIALIZED_AUTOS = YES_AGGRESSIVE;
				GCC_WARN_UNUSED_FUNCTION = YES;
				GCC_WARN_UNUSED_VARIABLE = YES;
				IPHONEOS_DEPLOYMENT_TARGET = 9.3;
				MTL_ENABLE_DEBUG_INFO = YES;
				ONLY_ACTIVE_ARCH = YES;
				SDKROOT = iphoneos;
				TARGETED_DEVICE_FAMILY = "1,2";
			};
			name = Debug;
		};
		C007747A1CE3343C002A2754 /* Release */ = {
			isa = XCBuildConfiguration;
			buildSettings = {
				ALWAYS_SEARCH_USER_PATHS = NO;
				CLANG_ANALYZER_NONNULL = YES;
				CLANG_CXX_LANGUAGE_STANDARD = "gnu++0x";
				CLANG_CXX_LIBRARY = "libc++";
				CLANG_ENABLE_MODULES = YES;
				CLANG_ENABLE_OBJC_ARC = YES;
				CLANG_WARN_BOOL_CONVERSION = YES;
				CLANG_WARN_CONSTANT_CONVERSION = YES;
				CLANG_WARN_DIRECT_OBJC_ISA_USAGE = YES_ERROR;
				CLANG_WARN_EMPTY_BODY = YES;
				CLANG_WARN_ENUM_CONVERSION = YES;
				CLANG_WARN_INT_CONVERSION = YES;
				CLANG_WARN_OBJC_ROOT_CLASS = YES_ERROR;
				CLANG_WARN_UNREACHABLE_CODE = YES;
				CLANG_WARN__DUPLICATE_METHOD_MATCH = YES;
				"CODE_SIGN_IDENTITY[sdk=iphoneos*]" = "iPhone Developer";
				COPY_PHASE_STRIP = NO;
				DEBUG_INFORMATION_FORMAT = "dwarf-with-dsym";
				ENABLE_NS_ASSERTIONS = NO;
				ENABLE_STRICT_OBJC_MSGSEND = YES;
				GCC_C_LANGUAGE_STANDARD = gnu99;
				GCC_NO_COMMON_BLOCKS = YES;
				GCC_WARN_64_TO_32_BIT_CONVERSION = YES;
				GCC_WARN_ABOUT_RETURN_TYPE = YES_ERROR;
				GCC_WARN_UNDECLARED_SELECTOR = YES;
				GCC_WARN_UNINITIALIZED_AUTOS = YES_AGGRESSIVE;
				GCC_WARN_UNUSED_FUNCTION = YES;
				GCC_WARN_UNUSED_VARIABLE = YES;
				IPHONEOS_DEPLOYMENT_TARGET = 9.3;
				MTL_ENABLE_DEBUG_INFO = NO;
				SDKROOT = iphoneos;
				TARGETED_DEVICE_FAMILY = "1,2";
				VALIDATE_PRODUCT = YES;
			};
			name = Release;
		};
		C007747C1CE3343C002A2754 /* Debug */ = {
			isa = XCBuildConfiguration;
			buildSettings = {
				ASSETCATALOG_COMPILER_APPICON_NAME = AppIcon;
				CLANG_ENABLE_MODULES = YES;
				DEFINES_MODULE = YES;
				INFOPLIST_FILE = application/Info.plist;
				IPHONEOS_DEPLOYMENT_TARGET = 7.0;
				LD_RUNPATH_SEARCH_PATHS = "$(inherited) @executable_path/Frameworks";
				PRODUCT_BUNDLE_IDENTIFIER = "-guns.application";
				PRODUCT_NAME = "$(TARGET_NAME)";
				SWIFT_OBJC_BRIDGING_HEADER = "application/application-Bridging-Header.h";
				SWIFT_OPTIMIZATION_LEVEL = "-Onone";
			};
			name = Debug;
		};
		C007747D1CE3343C002A2754 /* Release */ = {
			isa = XCBuildConfiguration;
			buildSettings = {
				ASSETCATALOG_COMPILER_APPICON_NAME = AppIcon;
				CLANG_ENABLE_MODULES = YES;
				DEFINES_MODULE = YES;
				INFOPLIST_FILE = application/Info.plist;
				IPHONEOS_DEPLOYMENT_TARGET = 7.0;
				LD_RUNPATH_SEARCH_PATHS = "$(inherited) @executable_path/Frameworks";
				PRODUCT_BUNDLE_IDENTIFIER = "-guns.application";
				PRODUCT_NAME = "$(TARGET_NAME)";
				SWIFT_OBJC_BRIDGING_HEADER = "application/application-Bridging-Header.h";
			};
			name = Release;
		};
		C007747F1CE3343C002A2754 /* Debug */ = {
			isa = XCBuildConfiguration;
			buildSettings = {
				BUNDLE_LOADER = "$(TEST_HOST)";
				INFOPLIST_FILE = applicationTests/Info.plist;
				LD_RUNPATH_SEARCH_PATHS = "$(inherited) @executable_path/Frameworks @loader_path/Frameworks";
				PRODUCT_BUNDLE_IDENTIFIER = "-guns.applicationTests";
				PRODUCT_NAME = "$(TARGET_NAME)";
				TEST_HOST = "$(BUILT_PRODUCTS_DIR)/application.app/application";
			};
			name = Debug;
		};
		C00774801CE3343C002A2754 /* Release */ = {
			isa = XCBuildConfiguration;
			buildSettings = {
				BUNDLE_LOADER = "$(TEST_HOST)";
				INFOPLIST_FILE = applicationTests/Info.plist;
				LD_RUNPATH_SEARCH_PATHS = "$(inherited) @executable_path/Frameworks @loader_path/Frameworks";
				PRODUCT_BUNDLE_IDENTIFIER = "-guns.applicationTests";
				PRODUCT_NAME = "$(TARGET_NAME)";
				TEST_HOST = "$(BUILT_PRODUCTS_DIR)/application.app/application";
			};
			name = Release;
		};
		C00774821CE3343C002A2754 /* Debug */ = {
			isa = XCBuildConfiguration;
			buildSettings = {
				INFOPLIST_FILE = applicationUITests/Info.plist;
				LD_RUNPATH_SEARCH_PATHS = "$(inherited) @executable_path/Frameworks @loader_path/Frameworks";
				PRODUCT_BUNDLE_IDENTIFIER = "-guns.applicationUITests";
				PRODUCT_NAME = "$(TARGET_NAME)";
				TEST_TARGET_NAME = application;
			};
			name = Debug;
		};
		C00774831CE3343C002A2754 /* Release */ = {
			isa = XCBuildConfiguration;
			buildSettings = {
				INFOPLIST_FILE = applicationUITests/Info.plist;
				LD_RUNPATH_SEARCH_PATHS = "$(inherited) @executable_path/Frameworks @loader_path/Frameworks";
				PRODUCT_BUNDLE_IDENTIFIER = "-guns.applicationUITests";
				PRODUCT_NAME = "$(TARGET_NAME)";
				TEST_TARGET_NAME = application;
			};
			name = Release;
		};
/* End XCBuildConfiguration section */

/* Begin XCConfigurationList section */
		C00774431CE3343C002A2754 /* Build configuration list for PBXProject "application" */ = {
			isa = XCConfigurationList;
			buildConfigurations = (
				C00774791CE3343C002A2754 /* Debug */,
				C007747A1CE3343C002A2754 /* Release */,
			);
			defaultConfigurationIsVisible = 0;
			defaultConfigurationName = Release;
		};
		C007747B1CE3343C002A2754 /* Build configuration list for PBXNativeTarget "application" */ = {
			isa = XCConfigurationList;
			buildConfigurations = (
				C007747C1CE3343C002A2754 /* Debug */,
				C007747D1CE3343C002A2754 /* Release */,
			);
			defaultConfigurationIsVisible = 0;
			defaultConfigurationName = Release;
		};
		C007747E1CE3343C002A2754 /* Build configuration list for PBXNativeTarget "applicationTests" */ = {
			isa = XCConfigurationList;
			buildConfigurations = (
				C007747F1CE3343C002A2754 /* Debug */,
				C00774801CE3343C002A2754 /* Release */,
			);
			defaultConfigurationIsVisible = 0;
			defaultConfigurationName = Release;
		};
		C00774811CE3343C002A2754 /* Build configuration list for PBXNativeTarget "applicationUITests" */ = {
			isa = XCConfigurationList;
			buildConfigurations = (
				C00774821CE3343C002A2754 /* Debug */,
				C00774831CE3343C002A2754 /* Release */,
			);
			defaultConfigurationIsVisible = 0;
			defaultConfigurationName = Release;
		};
/* End XCConfigurationList section */
	};
	rootObject = C00774401CE3343C002A2754 /* Project object */;
}
